// !$*UTF8*$!
{
	archiveVersion = 1;
	classes = {
	};
	objectVersion = 77;
	objects = {

/* Begin PBXBuildFile section */
		8D2916DA2E8037F4009AC027 /* RefreshWidgets.swift in Sources */ = {isa = PBXBuildFile; fileRef = 8D2916D92E8037F4009AC027 /* RefreshWidgets.swift */; };
		8D2916DB2E8037F4009AC027 /* RefreshWidgets.swift in Sources */ = {isa = PBXBuildFile; fileRef = 8D2916D92E8037F4009AC027 /* RefreshWidgets.swift */; };
		8D2916DC2E8037F4009AC027 /* RefreshWidgets.swift in Sources */ = {isa = PBXBuildFile; fileRef = 8D2916D92E8037F4009AC027 /* RefreshWidgets.swift */; };
		8D2916DD2E8037F4009AC027 /* RefreshWidgets.swift in Sources */ = {isa = PBXBuildFile; fileRef = 8D2916D92E8037F4009AC027 /* RefreshWidgets.swift */; };
		8D2CE20F2E7C42E9006962B4 /* Drops in Frameworks */ = {isa = PBXBuildFile; platformFilter = ios; productRef = 8D2CE20E2E7C42E9006962B4 /* Drops */; settings = {ATTRIBUTES = (Required, ); }; };
		8D4927EB2E7F1EDD00CFFCCA /* WidgetKit.framework in Frameworks */ = {isa = PBXBuildFile; fileRef = 8D4927EA2E7F1EDD00CFFCCA /* WidgetKit.framework */; };
		8D4927ED2E7F1EDD00CFFCCA /* SwiftUI.framework in Frameworks */ = {isa = PBXBuildFile; fileRef = 8D4927EC2E7F1EDD00CFFCCA /* SwiftUI.framework */; };
		8D4927F82E7F1EE100CFFCCA /* TimeTable WidgetExtension.appex in Embed Foundation Extensions */ = {isa = PBXBuildFile; fileRef = 8D4927E82E7F1EDD00CFFCCA /* TimeTable WidgetExtension.appex */; platformFilters = (ios, macos, ); settings = {ATTRIBUTES = (RemoveHeadersOnCopy, ); }; };
		8D4928082E7F497C00CFFCCA /* WidgetKit.framework in Frameworks */ = {isa = PBXBuildFile; fileRef = 8D4927EA2E7F1EDD00CFFCCA /* WidgetKit.framework */; };
		8D4928092E7F497C00CFFCCA /* SwiftUI.framework in Frameworks */ = {isa = PBXBuildFile; fileRef = 8D4927EC2E7F1EDD00CFFCCA /* SwiftUI.framework */; };
		8D4928142E7F498000CFFCCA /* TimeTable Widget WatchOSExtension.appex in Embed Foundation Extensions */ = {isa = PBXBuildFile; fileRef = 8D4928072E7F497C00CFFCCA /* TimeTable Widget WatchOSExtension.appex */; settings = {ATTRIBUTES = (RemoveHeadersOnCopy, ); }; };
		8DACA6092E7E89D100E68BED /* SymbolPicker in Frameworks */ = {isa = PBXBuildFile; productRef = 8DACA6082E7E89D100E68BED /* SymbolPicker */; };
		8DB67B382F6090F900EC1123 /* FeedKit in Frameworks */ = {isa = PBXBuildFile; productRef = 8DB67B372F6090F900EC1123 /* FeedKit */; };
		8DF42F182E7EE74A00DB91D8 /* SchoolTool Watch Watch App.app in Embed Watch Content */ = {isa = PBXBuildFile; fileRef = 8DF42F0E2E7EE74900DB91D8 /* SchoolTool Watch Watch App.app */; platformFilter = ios; settings = {ATTRIBUTES = (RemoveHeadersOnCopy, ); }; };
/* End PBXBuildFile section */

/* Begin PBXContainerItemProxy section */
		8D4927F62E7F1EE100CFFCCA /* PBXContainerItemProxy */ = {
			isa = PBXContainerItemProxy;
			containerPortal = 8DDA96012E7AA2DD0015D242 /* Project object */;
			proxyType = 1;
			remoteGlobalIDString = 8D4927E72E7F1EDD00CFFCCA;
			remoteInfo = "TimeTable WidgetExtension";
		};
		8D4928122E7F498000CFFCCA /* PBXContainerItemProxy */ = {
			isa = PBXContainerItemProxy;
			containerPortal = 8DDA96012E7AA2DD0015D242 /* Project object */;
			proxyType = 1;
			remoteGlobalIDString = 8D4928062E7F497C00CFFCCA;
			remoteInfo = "TimeTable Widget WatchOSExtension";
		};
		8DF42F162E7EE74A00DB91D8 /* PBXContainerItemProxy */ = {
			isa = PBXContainerItemProxy;
			containerPortal = 8DDA96012E7AA2DD0015D242 /* Project object */;
			proxyType = 1;
			remoteGlobalIDString = 8DF42F0D2E7EE74900DB91D8;
			remoteInfo = "SchoolTool Watch Watch App";
		};
/* End PBXContainerItemProxy section */

/* Begin PBXCopyFilesBuildPhase section */
		8D4927F92E7F1EE100CFFCCA /* Embed Foundation Extensions */ = {
			isa = PBXCopyFilesBuildPhase;
			buildActionMask = 2147483647;
			dstPath = "";
			dstSubfolderSpec = 13;
			files = (
				8D4927F82E7F1EE100CFFCCA /* TimeTable WidgetExtension.appex in Embed Foundation Extensions */,
			);
			name = "Embed Foundation Extensions";
			runOnlyForDeploymentPostprocessing = 0;
		};
		8D4928192E7F498000CFFCCA /* Embed Foundation Extensions */ = {
			isa = PBXCopyFilesBuildPhase;
			buildActionMask = 2147483647;
			dstPath = "";
			dstSubfolderSpec = 13;
			files = (
				8D4928142E7F498000CFFCCA /* TimeTable Widget WatchOSExtension.appex in Embed Foundation Extensions */,
			);
			name = "Embed Foundation Extensions";
			runOnlyForDeploymentPostprocessing = 0;
		};
		8DACA61C2E7E9F6500E68BED /* Embed Watch Content */ = {
			isa = PBXCopyFilesBuildPhase;
			buildActionMask = 2147483647;
			dstPath = "$(CONTENTS_FOLDER_PATH)/Watch";
			dstSubfolderSpec = 16;
			files = (
				8DF42F182E7EE74A00DB91D8 /* SchoolTool Watch Watch App.app in Embed Watch Content */,
			);
			name = "Embed Watch Content";
			runOnlyForDeploymentPostprocessing = 0;
		};
/* End PBXCopyFilesBuildPhase section */

/* Begin PBXFileReference section */
		8D2916D92E8037F4009AC027 /* RefreshWidgets.swift */ = {isa = PBXFileReference; lastKnownFileType = sourcecode.swift; path = RefreshWidgets.swift; sourceTree = "<group>"; };
		8D4927E82E7F1EDD00CFFCCA /* TimeTable WidgetExtension.appex */ = {isa = PBXFileReference; explicitFileType = "wrapper.app-extension"; includeInIndex = 0; path = "TimeTable WidgetExtension.appex"; sourceTree = BUILT_PRODUCTS_DIR; };
		8D4927EA2E7F1EDD00CFFCCA /* WidgetKit.framework */ = {isa = PBXFileReference; lastKnownFileType = wrapper.framework; name = WidgetKit.framework; path = System/Library/Frameworks/WidgetKit.framework; sourceTree = SDKROOT; };
		8D4927EC2E7F1EDD00CFFCCA /* SwiftUI.framework */ = {isa = PBXFileReference; lastKnownFileType = wrapper.framework; name = SwiftUI.framework; path = System/Library/Frameworks/SwiftUI.framework; sourceTree = SDKROOT; };
		8D4928072E7F497C00CFFCCA /* TimeTable Widget WatchOSExtension.appex */ = {isa = PBXFileReference; explicitFileType = "wrapper.app-extension"; includeInIndex = 0; path = "TimeTable Widget WatchOSExtension.appex"; sourceTree = BUILT_PRODUCTS_DIR; };
		8D4929012E7FF6A900CFFCCA /* TimeTable WidgetExtension.entitlements */ = {isa = PBXFileReference; lastKnownFileType = text.plist.entitlements; path = "TimeTable WidgetExtension.entitlements"; sourceTree = "<group>"; };
		8D49290E2E7FF6A900CFFCCA /* TimeTable Widget WatchOSExtension.entitlements */ = {isa = PBXFileReference; lastKnownFileType = text.plist.entitlements; path = "TimeTable Widget WatchOSExtension.entitlements"; sourceTree = "<group>"; };
		8DDA96092E7AA2DD0015D242 /* SchoolTool.app */ = {isa = PBXFileReference; explicitFileType = wrapper.application; includeInIndex = 0; path = SchoolTool.app; sourceTree = BUILT_PRODUCTS_DIR; };
		8DF42F0E2E7EE74900DB91D8 /* SchoolTool Watch Watch App.app */ = {isa = PBXFileReference; explicitFileType = wrapper.application; includeInIndex = 0; path = "SchoolTool Watch Watch App.app"; sourceTree = BUILT_PRODUCTS_DIR; };
/* End PBXFileReference section */

/* Begin PBXFileSystemSynchronizedBuildFileExceptionSet section */
		8D4927FD2E7F1EE100CFFCCA /* Exceptions for "TimeTable Widget" folder in "TimeTable WidgetExtension" target */ = {
			isa = PBXFileSystemSynchronizedBuildFileExceptionSet;
			membershipExceptions = (
				Info.plist,
			);
			target = 8D4927E72E7F1EDD00CFFCCA /* TimeTable WidgetExtension */;
		};
		8D4928182E7F498000CFFCCA /* Exceptions for "TimeTable Widget WatchOS" folder in "TimeTable Widget WatchOSExtension" target */ = {
			isa = PBXFileSystemSynchronizedBuildFileExceptionSet;
			membershipExceptions = (
				Info.plist,
			);
			target = 8D4928062E7F497C00CFFCCA /* TimeTable Widget WatchOSExtension */;
		};
		8DACA6612E7EA63600E68BED /* Exceptions for "SchoolTool" folder in "SchoolTool" target */ = {
			isa = PBXFileSystemSynchronizedBuildFileExceptionSet;
			membershipExceptions = (
				Info.plist,
			);
			platformFiltersByRelativePath = {
				LaunchScreen.storyboard = (ios, );
			};
			target = 8DDA96082E7AA2DD0015D242 /* SchoolTool */;
		};
/* End PBXFileSystemSynchronizedBuildFileExceptionSet section */

/* Begin PBXFileSystemSynchronizedRootGroup section */
		8D4927EE2E7F1EDD00CFFCCA /* TimeTable Widget */ = {
			isa = PBXFileSystemSynchronizedRootGroup;
			exceptions = (
				8D4927FD2E7F1EE100CFFCCA /* Exceptions for "TimeTable Widget" folder in "TimeTable WidgetExtension" target */,
			);
			path = "TimeTable Widget";
			sourceTree = "<group>";
		};
		8D49280A2E7F497C00CFFCCA /* TimeTable Widget WatchOS */ = {
			isa = PBXFileSystemSynchronizedRootGroup;
			exceptions = (
				8D4928182E7F498000CFFCCA /* Exceptions for "TimeTable Widget WatchOS" folder in "TimeTable Widget WatchOSExtension" target */,
			);
			path = "TimeTable Widget WatchOS";
			sourceTree = "<group>";
		};
		8DCD86CC2F5F40E700BF6F99 /* Shared */ = {
			isa = PBXFileSystemSynchronizedRootGroup;
			path = Shared;
			sourceTree = "<group>";
		};
		8DDA960B2E7AA2DD0015D242 /* SchoolTool */ = {
			isa = PBXFileSystemSynchronizedRootGroup;
			exceptions = (
				8DACA6612E7EA63600E68BED /* Exceptions for "SchoolTool" folder in "SchoolTool" target */,
			);
			path = SchoolTool;
			sourceTree = "<group>";
		};
		8DF42F0F2E7EE74900DB91D8 /* SchoolTool Watch Watch App */ = {
			isa = PBXFileSystemSynchronizedRootGroup;
			path = "SchoolTool Watch Watch App";
			sourceTree = "<group>";
		};
/* End PBXFileSystemSynchronizedRootGroup section */

/* Begin PBXFrameworksBuildPhase section */
		8D4927E52E7F1EDD00CFFCCA /* Frameworks */ = {
			isa = PBXFrameworksBuildPhase;
			buildActionMask = 2147483647;
			files = (
				8D4927ED2E7F1EDD00CFFCCA /* SwiftUI.framework in Frameworks */,
				8D4927EB2E7F1EDD00CFFCCA /* WidgetKit.framework in Frameworks */,
			);
			runOnlyForDeploymentPostprocessing = 0;
		};
		8D4928042E7F497C00CFFCCA /* Frameworks */ = {
			isa = PBXFrameworksBuildPhase;
			buildActionMask = 2147483647;
			files = (
				8D4928092E7F497C00CFFCCA /* SwiftUI.framework in Frameworks */,
				8D4928082E7F497C00CFFCCA /* WidgetKit.framework in Frameworks */,
			);
			runOnlyForDeploymentPostprocessing = 0;
		};
		8DDA96062E7AA2DD0015D242 /* Frameworks */ = {
			isa = PBXFrameworksBuildPhase;
			buildActionMask = 2147483647;
			files = (
				8DB67B382F6090F900EC1123 /* FeedKit in Frameworks */,
				8DACA6092E7E89D100E68BED /* SymbolPicker in Frameworks */,
				8D2CE20F2E7C42E9006962B4 /* Drops in Frameworks */,
			);
			runOnlyForDeploymentPostprocessing = 0;
		};
		8DF42F0B2E7EE74900DB91D8 /* Frameworks */ = {
			isa = PBXFrameworksBuildPhase;
			buildActionMask = 2147483647;
			files = (
			);
			runOnlyForDeploymentPostprocessing = 0;
		};
/* End PBXFrameworksBuildPhase section */

/* Begin PBXGroup section */
		8D4927E92E7F1EDD00CFFCCA /* Frameworks */ = {
			isa = PBXGroup;
			children = (
				8D4927EA2E7F1EDD00CFFCCA /* WidgetKit.framework */,
				8D4927EC2E7F1EDD00CFFCCA /* SwiftUI.framework */,
			);
			name = Frameworks;
			sourceTree = "<group>";
		};
		8DDA96002E7AA2DD0015D242 = {
			isa = PBXGroup;
			children = (
				8DDA960B2E7AA2DD0015D242 /* SchoolTool */,
				8DF42F0F2E7EE74900DB91D8 /* SchoolTool Watch Watch App */,
				8D4927EE2E7F1EDD00CFFCCA /* TimeTable Widget */,
				8D49280A2E7F497C00CFFCCA /* TimeTable Widget WatchOS */,
				8D4927E92E7F1EDD00CFFCCA /* Frameworks */,
				8DDA960A2E7AA2DD0015D242 /* Products */,
				8D4929012E7FF6A900CFFCCA /* TimeTable WidgetExtension.entitlements */,
				8D49290E2E7FF6A900CFFCCA /* TimeTable Widget WatchOSExtension.entitlements */,
				8D2916D92E8037F4009AC027 /* RefreshWidgets.swift */,
				8DCD86CC2F5F40E700BF6F99 /* Shared */,
			);
			sourceTree = "<group>";
		};
		8DDA960A2E7AA2DD0015D242 /* Products */ = {
			isa = PBXGroup;
			children = (
				8DDA96092E7AA2DD0015D242 /* SchoolTool.app */,
				8DF42F0E2E7EE74900DB91D8 /* SchoolTool Watch Watch App.app */,
				8D4927E82E7F1EDD00CFFCCA /* TimeTable WidgetExtension.appex */,
				8D4928072E7F497C00CFFCCA /* TimeTable Widget WatchOSExtension.appex */,
			);
			name = Products;
			sourceTree = "<group>";
		};
/* End PBXGroup section */

/* Begin PBXNativeTarget section */
		8D4927E72E7F1EDD00CFFCCA /* TimeTable WidgetExtension */ = {
			isa = PBXNativeTarget;
			buildConfigurationList = 8D4927FC2E7F1EE100CFFCCA /* Build configuration list for PBXNativeTarget "TimeTable WidgetExtension" */;
			buildPhases = (
				8D4927E42E7F1EDD00CFFCCA /* Sources */,
				8D4927E52E7F1EDD00CFFCCA /* Frameworks */,
				8D4927E62E7F1EDD00CFFCCA /* Resources */,
			);
			buildRules = (
			);
			dependencies = (
			);
			fileSystemSynchronizedGroups = (
				8D4927EE2E7F1EDD00CFFCCA /* TimeTable Widget */,
				8DCD86CC2F5F40E700BF6F99 /* Shared */,
			);
			name = "TimeTable WidgetExtension";
			packageProductDependencies = (
			);
			productName = "TimeTable WidgetExtension";
			productReference = 8D4927E82E7F1EDD00CFFCCA /* TimeTable WidgetExtension.appex */;
			productType = "com.apple.product-type.app-extension";
		};
		8D4928062E7F497C00CFFCCA /* TimeTable Widget WatchOSExtension */ = {
			isa = PBXNativeTarget;
			buildConfigurationList = 8D4928152E7F498000CFFCCA /* Build configuration list for PBXNativeTarget "TimeTable Widget WatchOSExtension" */;
			buildPhases = (
				8D4928032E7F497C00CFFCCA /* Sources */,
				8D4928042E7F497C00CFFCCA /* Frameworks */,
				8D4928052E7F497C00CFFCCA /* Resources */,
			);
			buildRules = (
			);
			dependencies = (
			);
			fileSystemSynchronizedGroups = (
				8D49280A2E7F497C00CFFCCA /* TimeTable Widget WatchOS */,
				8DCD86CC2F5F40E700BF6F99 /* Shared */,
			);
			name = "TimeTable Widget WatchOSExtension";
			packageProductDependencies = (
			);
			productName = "TimeTable Widget WatchOSExtension";
			productReference = 8D4928072E7F497C00CFFCCA /* TimeTable Widget WatchOSExtension.appex */;
			productType = "com.apple.product-type.app-extension";
		};
		8DDA96082E7AA2DD0015D242 /* SchoolTool */ = {
			isa = PBXNativeTarget;
			buildConfigurationList = 8DDA96142E7AA2E00015D242 /* Build configuration list for PBXNativeTarget "SchoolTool" */;
			buildPhases = (
				8DDA96052E7AA2DD0015D242 /* Sources */,
				8DDA96062E7AA2DD0015D242 /* Frameworks */,
				8DDA96072E7AA2DD0015D242 /* Resources */,
				8DACA61C2E7E9F6500E68BED /* Embed Watch Content */,
				8D4927F92E7F1EE100CFFCCA /* Embed Foundation Extensions */,
			);
			buildRules = (
			);
			dependencies = (
				8DF42F172E7EE74A00DB91D8 /* PBXTargetDependency */,
				8D4927F72E7F1EE100CFFCCA /* PBXTargetDependency */,
			);
			fileSystemSynchronizedGroups = (
				8DCD86CC2F5F40E700BF6F99 /* Shared */,
				8DDA960B2E7AA2DD0015D242 /* SchoolTool */,
			);
			name = SchoolTool;
			packageProductDependencies = (
				8D2CE20E2E7C42E9006962B4 /* Drops */,
				8DACA6082E7E89D100E68BED /* SymbolPicker */,
				8DB67B372F6090F900EC1123 /* FeedKit */,
			);
			productName = SchoolTool;
			productReference = 8DDA96092E7AA2DD0015D242 /* SchoolTool.app */;
			productType = "com.apple.product-type.application";
		};
		8DF42F0D2E7EE74900DB91D8 /* SchoolTool Watch Watch App */ = {
			isa = PBXNativeTarget;
			buildConfigurationList = 8DF42F1B2E7EE74A00DB91D8 /* Build configuration list for PBXNativeTarget "SchoolTool Watch Watch App" */;
			buildPhases = (
				8DF42F0A2E7EE74900DB91D8 /* Sources */,
				8DF42F0B2E7EE74900DB91D8 /* Frameworks */,
				8DF42F0C2E7EE74900DB91D8 /* Resources */,
				8D4928192E7F498000CFFCCA /* Embed Foundation Extensions */,
			);
			buildRules = (
			);
			dependencies = (
				8D4928132E7F498000CFFCCA /* PBXTargetDependency */,
			);
			fileSystemSynchronizedGroups = (
				8DCD86CC2F5F40E700BF6F99 /* Shared */,
				8DF42F0F2E7EE74900DB91D8 /* SchoolTool Watch Watch App */,
			);
			name = "SchoolTool Watch Watch App";
			packageProductDependencies = (
			);
			productName = "SchoolTool Watch Watch App";
			productReference = 8DF42F0E2E7EE74900DB91D8 /* SchoolTool Watch Watch App.app */;
			productType = "com.apple.product-type.application";
		};
/* End PBXNativeTarget section */

/* Begin PBXProject section */
		8DDA96012E7AA2DD0015D242 /* Project object */ = {
			isa = PBXProject;
			attributes = {
				BuildIndependentTargetsInParallel = 1;
				LastSwiftUpdateCheck = 2600;
				LastUpgradeCheck = 2640;
				TargetAttributes = {
					8D4927E72E7F1EDD00CFFCCA = {
						CreatedOnToolsVersion = 26.0;
					};
					8D4928062E7F497C00CFFCCA = {
						CreatedOnToolsVersion = 26.0;
						LastSwiftMigration = 2600;
					};
					8DDA96082E7AA2DD0015D242 = {
						CreatedOnToolsVersion = 26.0;
					};
					8DF42F0D2E7EE74900DB91D8 = {
						CreatedOnToolsVersion = 26.0;
					};
				};
			};
			buildConfigurationList = 8DDA96042E7AA2DD0015D242 /* Build configuration list for PBXProject "SchoolTool" */;
			developmentRegion = en;
			hasScannedForEncodings = 0;
			knownRegions = (
				en,
				Base,
				de,
				sv,
				cs,
			);
			mainGroup = 8DDA96002E7AA2DD0015D242;
			minimizedProjectReferenceProxies = 1;
			packageReferences = (
				8D2CE20D2E7C42E9006962B4 /* XCRemoteSwiftPackageReference "Drops" */,
				8DACA6072E7E89D100E68BED /* XCRemoteSwiftPackageReference "SymbolPicker" */,
				8DB67B362F6090F900EC1123 /* XCRemoteSwiftPackageReference "FeedKit" */,
			);
			preferredProjectObjectVersion = 77;
			productRefGroup = 8DDA960A2E7AA2DD0015D242 /* Products */;
			projectDirPath = "";
			projectRoot = "";
			targets = (
				8DDA96082E7AA2DD0015D242 /* SchoolTool */,
				8DF42F0D2E7EE74900DB91D8 /* SchoolTool Watch Watch App */,
				8D4927E72E7F1EDD00CFFCCA /* TimeTable WidgetExtension */,
				8D4928062E7F497C00CFFCCA /* TimeTable Widget WatchOSExtension */,
			);
		};
/* End PBXProject section */

/* Begin PBXResourcesBuildPhase section */
		8D4927E62E7F1EDD00CFFCCA /* Resources */ = {
			isa = PBXResourcesBuildPhase;
			buildActionMask = 2147483647;
			files = (
			);
			runOnlyForDeploymentPostprocessing = 0;
		};
		8D4928052E7F497C00CFFCCA /* Resources */ = {
			isa = PBXResourcesBuildPhase;
			buildActionMask = 2147483647;
			files = (
			);
			runOnlyForDeploymentPostprocessing = 0;
		};
		8DDA96072E7AA2DD0015D242 /* Resources */ = {
			isa = PBXResourcesBuildPhase;
			buildActionMask = 2147483647;
			files = (
			);
			runOnlyForDeploymentPostprocessing = 0;
		};
		8DF42F0C2E7EE74900DB91D8 /* Resources */ = {
			isa = PBXResourcesBuildPhase;
			buildActionMask = 2147483647;
			files = (
			);
			runOnlyForDeploymentPostprocessing = 0;
		};
/* End PBXResourcesBuildPhase section */

/* Begin PBXSourcesBuildPhase section */
		8D4927E42E7F1EDD00CFFCCA /* Sources */ = {
			isa = PBXSourcesBuildPhase;
			buildActionMask = 2147483647;
			files = (
				8D2916DB2E8037F4009AC027 /* RefreshWidgets.swift in Sources */,
			);
			runOnlyForDeploymentPostprocessing = 0;
		};
		8D4928032E7F497C00CFFCCA /* Sources */ = {
			isa = PBXSourcesBuildPhase;
			buildActionMask = 2147483647;
			files = (
				8D2916DA2E8037F4009AC027 /* RefreshWidgets.swift in Sources */,
			);
			runOnlyForDeploymentPostprocessing = 0;
		};
		8DDA96052E7AA2DD0015D242 /* Sources */ = {
			isa = PBXSourcesBuildPhase;
			buildActionMask = 2147483647;
			files = (
				8D2916DD2E8037F4009AC027 /* RefreshWidgets.swift in Sources */,
			);
			runOnlyForDeploymentPostprocessing = 0;
		};
		8DF42F0A2E7EE74900DB91D8 /* Sources */ = {
			isa = PBXSourcesBuildPhase;
			buildActionMask = 2147483647;
			files = (
				8D2916DC2E8037F4009AC027 /* RefreshWidgets.swift in Sources */,
			);
			runOnlyForDeploymentPostprocessing = 0;
		};
/* End PBXSourcesBuildPhase section */

/* Begin PBXTargetDependency section */
		8D4927F72E7F1EE100CFFCCA /* PBXTargetDependency */ = {
			isa = PBXTargetDependency;
			platformFilters = (
				ios,
				macos,
			);
			target = 8D4927E72E7F1EDD00CFFCCA /* TimeTable WidgetExtension */;
			targetProxy = 8D4927F62E7F1EE100CFFCCA /* PBXContainerItemProxy */;
		};
		8D4928132E7F498000CFFCCA /* PBXTargetDependency */ = {
			isa = PBXTargetDependency;
			target = 8D4928062E7F497C00CFFCCA /* TimeTable Widget WatchOSExtension */;
			targetProxy = 8D4928122E7F498000CFFCCA /* PBXContainerItemProxy */;
		};
		8DF42F172E7EE74A00DB91D8 /* PBXTargetDependency */ = {
			isa = PBXTargetDependency;
			platformFilter = ios;
			target = 8DF42F0D2E7EE74900DB91D8 /* SchoolTool Watch Watch App */;
			targetProxy = 8DF42F162E7EE74A00DB91D8 /* PBXContainerItemProxy */;
		};
/* End PBXTargetDependency section */

/* Begin XCBuildConfiguration section */
		8D4927FA2E7F1EE100CFFCCA /* Debug */ = {
			isa = XCBuildConfiguration;
			buildSettings = {
				ASSETCATALOG_COMPILER_GLOBAL_ACCENT_COLOR_NAME = AccentColor;
				ASSETCATALOG_COMPILER_WIDGET_BACKGROUND_COLOR_NAME = WidgetBackground;
				CODE_SIGN_ENTITLEMENTS = "TimeTable WidgetExtension.entitlements";
				CODE_SIGN_STYLE = Automatic;
				CURRENT_PROJECT_VERSION = 1;
				DEVELOPMENT_TEAM = U97UH74W24;
				ENABLE_APP_SANDBOX = YES;
				ENABLE_HARDENED_RUNTIME = YES;
				ENABLE_INCOMING_NETWORK_CONNECTIONS = NO;
				ENABLE_OUTGOING_NETWORK_CONNECTIONS = NO;
				ENABLE_RESOURCE_ACCESS_AUDIO_INPUT = NO;
				ENABLE_RESOURCE_ACCESS_BLUETOOTH = NO;
				ENABLE_RESOURCE_ACCESS_CALENDARS = NO;
				ENABLE_RESOURCE_ACCESS_CAMERA = NO;
				ENABLE_RESOURCE_ACCESS_CONTACTS = NO;
				ENABLE_RESOURCE_ACCESS_LOCATION = NO;
				ENABLE_RESOURCE_ACCESS_PRINTING = NO;
				ENABLE_RESOURCE_ACCESS_USB = NO;
				GENERATE_INFOPLIST_FILE = YES;
				INFOPLIST_FILE = "TimeTable Widget/Info.plist";
				INFOPLIST_KEY_CFBundleDisplayName = "TimeTable Widget";
				INFOPLIST_KEY_NSHumanReadableCopyright = "";
				IPHONEOS_DEPLOYMENT_TARGET = 18;
				LD_RUNPATH_SEARCH_PATHS = (
					"$(inherited)",
					"@executable_path/Frameworks",
					"@executable_path/../../Frameworks",
				);
				MACOSX_DEPLOYMENT_TARGET = 15.0;
				MARKETING_VERSION = 1.0.1;
				PRODUCT_BUNDLE_IDENTIFIER = "com.timi2506.SchoolTool2.TimeTable-Widget";
				PRODUCT_NAME = "$(TARGET_NAME)";
				REGISTER_APP_GROUPS = YES;
				SDKROOT = iphoneos;
				SKIP_INSTALL = YES;
				STRING_CATALOG_GENERATE_SYMBOLS = YES;
				SUPPORTED_PLATFORMS = "iphoneos iphonesimulator macosx";
				SUPPORTS_MACCATALYST = NO;
				SWIFT_APPROACHABLE_CONCURRENCY = YES;
				SWIFT_EMIT_LOC_STRINGS = YES;
				SWIFT_UPCOMING_FEATURE_MEMBER_IMPORT_VISIBILITY = YES;
				SWIFT_VERSION = 5.0;
				TARGETED_DEVICE_FAMILY = "1,2";
			};
			name = Debug;
		};
		8D4927FB2E7F1EE100CFFCCA /* Release */ = {
			isa = XCBuildConfiguration;
			buildSettings = {
				ASSETCATALOG_COMPILER_GLOBAL_ACCENT_COLOR_NAME = AccentColor;
				ASSETCATALOG_COMPILER_WIDGET_BACKGROUND_COLOR_NAME = WidgetBackground;
				CODE_SIGN_ENTITLEMENTS = "TimeTable WidgetExtension.entitlements";
				CODE_SIGN_STYLE = Automatic;
				CURRENT_PROJECT_VERSION = 1;
				DEVELOPMENT_TEAM = U97UH74W24;
				ENABLE_APP_SANDBOX = YES;
				ENABLE_HARDENED_RUNTIME = YES;
				ENABLE_INCOMING_NETWORK_CONNECTIONS = NO;
				ENABLE_OUTGOING_NETWORK_CONNECTIONS = NO;
				ENABLE_RESOURCE_ACCESS_AUDIO_INPUT = NO;
				ENABLE_RESOURCE_ACCESS_BLUETOOTH = NO;
				ENABLE_RESOURCE_ACCESS_CALENDARS = NO;
				ENABLE_RESOURCE_ACCESS_CAMERA = NO;
				ENABLE_RESOURCE_ACCESS_CONTACTS = NO;
				ENABLE_RESOURCE_ACCESS_LOCATION = NO;
				ENABLE_RESOURCE_ACCESS_PRINTING = NO;
				ENABLE_RESOURCE_ACCESS_USB = NO;
				GENERATE_INFOPLIST_FILE = YES;
				INFOPLIST_FILE = "TimeTable Widget/Info.plist";
				INFOPLIST_KEY_CFBundleDisplayName = "TimeTable Widget";
				INFOPLIST_KEY_NSHumanReadableCopyright = "";
				IPHONEOS_DEPLOYMENT_TARGET = 18;
				LD_RUNPATH_SEARCH_PATHS = (
					"$(inherited)",
					"@executable_path/Frameworks",
					"@executable_path/../../Frameworks",
				);
				MACOSX_DEPLOYMENT_TARGET = 15.0;
				MARKETING_VERSION = 1.0.1;
				PRODUCT_BUNDLE_IDENTIFIER = "com.timi2506.SchoolTool2.TimeTable-Widget";
				PRODUCT_NAME = "$(TARGET_NAME)";
				REGISTER_APP_GROUPS = YES;
				SDKROOT = iphoneos;
				SKIP_INSTALL = YES;
				STRING_CATALOG_GENERATE_SYMBOLS = YES;
				SUPPORTED_PLATFORMS = "iphoneos iphonesimulator macosx";
				SUPPORTS_MACCATALYST = NO;
				SWIFT_APPROACHABLE_CONCURRENCY = YES;
				SWIFT_EMIT_LOC_STRINGS = YES;
				SWIFT_UPCOMING_FEATURE_MEMBER_IMPORT_VISIBILITY = YES;
				SWIFT_VERSION = 5.0;
				TARGETED_DEVICE_FAMILY = "1,2";
				VALIDATE_PRODUCT = YES;
			};
			name = Release;
		};
		8D4928162E7F498000CFFCCA /* Debug */ = {
			isa = XCBuildConfiguration;
			buildSettings = {
				ASSETCATALOG_COMPILER_GLOBAL_ACCENT_COLOR_NAME = AccentColor;
				ASSETCATALOG_COMPILER_WIDGET_BACKGROUND_COLOR_NAME = WidgetBackground;
				CLANG_ENABLE_MODULES = YES;
				CODE_SIGN_ENTITLEMENTS = "TimeTable Widget WatchOSExtension.entitlements";
				CODE_SIGN_STYLE = Automatic;
				CURRENT_PROJECT_VERSION = 1;
				DEVELOPMENT_TEAM = U97UH74W24;
				GENERATE_INFOPLIST_FILE = YES;
				INFOPLIST_FILE = "TimeTable Widget WatchOS/Info.plist";
				INFOPLIST_KEY_CFBundleDisplayName = "TimeTable Widget WatchOS";
				INFOPLIST_KEY_NSHumanReadableCopyright = "";
				LD_RUNPATH_SEARCH_PATHS = (
					"$(inherited)",
					"@executable_path/Frameworks",
					"@executable_path/../../Frameworks",
					"@executable_path/../../../../Frameworks",
				);
				MARKETING_VERSION = 1.0.1;
				PRODUCT_BUNDLE_IDENTIFIER = "com.timi2506.SchoolTool2.watchkitapp.TimeTable-Widget-WatchOS";
				PRODUCT_NAME = "$(TARGET_NAME)";
				SDKROOT = watchos;
				SKIP_INSTALL = YES;
				STRING_CATALOG_GENERATE_SYMBOLS = YES;
				SWIFT_APPROACHABLE_CONCURRENCY = YES;
				SWIFT_EMIT_LOC_STRINGS = YES;
				SWIFT_OPTIMIZATION_LEVEL = "-Onone";
				SWIFT_UPCOMING_FEATURE_MEMBER_IMPORT_VISIBILITY = YES;
				SWIFT_VERSION = 5.0;
				TARGETED_DEVICE_FAMILY = 4;
				WATCHOS_DEPLOYMENT_TARGET = 11;
			};
			name = Debug;
		};
		8D4928172E7F498000CFFCCA /* Release */ = {
			isa = XCBuildConfiguration;
			buildSettings = {
				ASSETCATALOG_COMPILER_GLOBAL_ACCENT_COLOR_NAME = AccentColor;
				ASSETCATALOG_COMPILER_WIDGET_BACKGROUND_COLOR_NAME = WidgetBackground;
				CLANG_ENABLE_MODULES = YES;
				CODE_SIGN_ENTITLEMENTS = "TimeTable Widget WatchOSExtension.entitlements";
				CODE_SIGN_STYLE = Automatic;
				CURRENT_PROJECT_VERSION = 1;
				DEVELOPMENT_TEAM = U97UH74W24;
				GENERATE_INFOPLIST_FILE = YES;
				INFOPLIST_FILE = "TimeTable Widget WatchOS/Info.plist";
				INFOPLIST_KEY_CFBundleDisplayName = "TimeTable Widget WatchOS";
				INFOPLIST_KEY_NSHumanReadableCopyright = "";
				LD_RUNPATH_SEARCH_PATHS = (
					"$(inherited)",
					"@executable_path/Frameworks",
					"@executable_path/../../Frameworks",
					"@executable_path/../../../../Frameworks",
				);
				MARKETING_VERSION = 1.0.1;
				PRODUCT_BUNDLE_IDENTIFIER = "com.timi2506.SchoolTool2.watchkitapp.TimeTable-Widget-WatchOS";
				PRODUCT_NAME = "$(TARGET_NAME)";
				SDKROOT = watchos;
				SKIP_INSTALL = YES;
				STRING_CATALOG_GENERATE_SYMBOLS = YES;
				SWIFT_APPROACHABLE_CONCURRENCY = YES;
				SWIFT_EMIT_LOC_STRINGS = YES;
				SWIFT_UPCOMING_FEATURE_MEMBER_IMPORT_VISIBILITY = YES;
				SWIFT_VERSION = 5.0;
				TARGETED_DEVICE_FAMILY = 4;
				VALIDATE_PRODUCT = YES;
				WATCHOS_DEPLOYMENT_TARGET = 11;
			};
			name = Release;
		};
		8DDA96122E7AA2E00015D242 /* Debug */ = {
			isa = XCBuildConfiguration;
			buildSettings = {
				ALWAYS_SEARCH_USER_PATHS = NO;
				ASSETCATALOG_COMPILER_GENERATE_SWIFT_ASSET_SYMBOL_EXTENSIONS = YES;
				CLANG_ANALYZER_LOCALIZABILITY_NONLOCALIZED = YES;
				CLANG_ANALYZER_NONNULL = YES;
				CLANG_ANALYZER_NUMBER_OBJECT_CONVERSION = YES_AGGRESSIVE;
				CLANG_CXX_LANGUAGE_STANDARD = "gnu++20";
				CLANG_ENABLE_MODULES = YES;
				CLANG_ENABLE_OBJC_ARC = YES;
				CLANG_ENABLE_OBJC_WEAK = YES;
				CLANG_WARN_BLOCK_CAPTURE_AUTORELEASING = YES;
				CLANG_WARN_BOOL_CONVERSION = YES;
				CLANG_WARN_COMMA = YES;
				CLANG_WARN_CONSTANT_CONVERSION = YES;
				CLANG_WARN_DEPRECATED_OBJC_IMPLEMENTATIONS = YES;
				CLANG_WARN_DIRECT_OBJC_ISA_USAGE = YES_ERROR;
				CLANG_WARN_DOCUMENTATION_COMMENTS = YES;
				CLANG_WARN_EMPTY_BODY = YES;
				CLANG_WARN_ENUM_CONVERSION = YES;
				CLANG_WARN_INFINITE_RECURSION = YES;
				CLANG_WARN_INT_CONVERSION = YES;
				CLANG_WARN_NON_LITERAL_NULL_CONVERSION = YES;
				CLANG_WARN_OBJC_IMPLICIT_RETAIN_SELF = YES;
				CLANG_WARN_OBJC_LITERAL_CONVERSION = YES;
				CLANG_WARN_OBJC_ROOT_CLASS = YES_ERROR;
				CLANG_WARN_QUOTED_INCLUDE_IN_FRAMEWORK_HEADER = YES;
				CLANG_WARN_RANGE_LOOP_ANALYSIS = YES;
				CLANG_WARN_STRICT_PROTOTYPES = YES;
				CLANG_WARN_SUSPICIOUS_MOVE = YES;
				CLANG_WARN_UNGUARDED_AVAILABILITY = YES_AGGRESSIVE;
				CLANG_WARN_UNREACHABLE_CODE = YES;
				CLANG_WARN__DUPLICATE_METHOD_MATCH = YES;
				COPY_PHASE_STRIP = NO;
				DEAD_CODE_STRIPPING = YES;
				DEBUG_INFORMATION_FORMAT = dwarf;
				DEVELOPMENT_TEAM = P6PV2R9443;
				ENABLE_STRICT_OBJC_MSGSEND = YES;
				ENABLE_TESTABILITY = YES;
				ENABLE_USER_SCRIPT_SANDBOXING = YES;
				GCC_C_LANGUAGE_STANDARD = gnu17;
				GCC_DYNAMIC_NO_PIC = NO;
				GCC_NO_COMMON_BLOCKS = YES;
				GCC_OPTIMIZATION_LEVEL = 0;
				GCC_PREPROCESSOR_DEFINITIONS = (
					"DEBUG=1",
					"$(inherited)",
				);
				GCC_WARN_64_TO_32_BIT_CONVERSION = YES;
				GCC_WARN_ABOUT_RETURN_TYPE = YES_ERROR;
				GCC_WARN_UNDECLARED_SELECTOR = YES;
				GCC_WARN_UNINITIALIZED_AUTOS = YES_AGGRESSIVE;
				GCC_WARN_UNUSED_FUNCTION = YES;
				GCC_WARN_UNUSED_VARIABLE = YES;
				LOCALIZATION_PREFERS_STRING_CATALOGS = YES;
				MACOSX_DEPLOYMENT_TARGET = 26.0;
				MTL_ENABLE_DEBUG_INFO = INCLUDE_SOURCE;
				MTL_FAST_MATH = YES;
				ONLY_ACTIVE_ARCH = YES;
				SDKROOT = macosx;
				STRING_CATALOG_GENERATE_SYMBOLS = YES;
				SWIFT_ACTIVE_COMPILATION_CONDITIONS = "DEBUG $(inherited)";
				SWIFT_EMIT_LOC_STRINGS = YES;
				SWIFT_OPTIMIZATION_LEVEL = "-Onone";
			};
			name = Debug;
		};
		8DDA96132E7AA2E00015D242 /* Release */ = {
			isa = XCBuildConfiguration;
			buildSettings = {
				ALWAYS_SEARCH_USER_PATHS = NO;
				ASSETCATALOG_COMPILER_GENERATE_SWIFT_ASSET_SYMBOL_EXTENSIONS = YES;
				CLANG_ANALYZER_LOCALIZABILITY_NONLOCALIZED = YES;
				CLANG_ANALYZER_NONNULL = YES;
				CLANG_ANALYZER_NUMBER_OBJECT_CONVERSION = YES_AGGRESSIVE;
				CLANG_CXX_LANGUAGE_STANDARD = "gnu++20";
				CLANG_ENABLE_MODULES = YES;
				CLANG_ENABLE_OBJC_ARC = YES;
				CLANG_ENABLE_OBJC_WEAK = YES;
				CLANG_WARN_BLOCK_CAPTURE_AUTORELEASING = YES;
				CLANG_WARN_BOOL_CONVERSION = YES;
				CLANG_WARN_COMMA = YES;
				CLANG_WARN_CONSTANT_CONVERSION = YES;
				CLANG_WARN_DEPRECATED_OBJC_IMPLEMENTATIONS = YES;
				CLANG_WARN_DIRECT_OBJC_ISA_USAGE = YES_ERROR;
				CLANG_WARN_DOCUMENTATION_COMMENTS = YES;
				CLANG_WARN_EMPTY_BODY = YES;
				CLANG_WARN_ENUM_CONVERSION = YES;
				CLANG_WARN_INFINITE_RECURSION = YES;
				CLANG_WARN_INT_CONVERSION = YES;
				CLANG_WARN_NON_LITERAL_NULL_CONVERSION = YES;
				CLANG_WARN_OBJC_IMPLICIT_RETAIN_SELF = YES;
				CLANG_WARN_OBJC_LITERAL_CONVERSION = YES;
				CLANG_WARN_OBJC_ROOT_CLASS = YES_ERROR;
				CLANG_WARN_QUOTED_INCLUDE_IN_FRAMEWORK_HEADER = YES;
				CLANG_WARN_RANGE_LOOP_ANALYSIS = YES;
				CLANG_WARN_STRICT_PROTOTYPES = YES;
				CLANG_WARN_SUSPICIOUS_MOVE = YES;
				CLANG_WARN_UNGUARDED_AVAILABILITY = YES_AGGRESSIVE;
				CLANG_WARN_UNREACHABLE_CODE = YES;
				CLANG_WARN__DUPLICATE_METHOD_MATCH = YES;
				COPY_PHASE_STRIP = NO;
				DEAD_CODE_STRIPPING = YES;
				DEBUG_INFORMATION_FORMAT = "dwarf-with-dsym";
				DEVELOPMENT_TEAM = P6PV2R9443;
				ENABLE_NS_ASSERTIONS = NO;
				ENABLE_STRICT_OBJC_MSGSEND = YES;
				ENABLE_USER_SCRIPT_SANDBOXING = YES;
				GCC_C_LANGUAGE_STANDARD = gnu17;
				GCC_NO_COMMON_BLOCKS = YES;
				GCC_WARN_64_TO_32_BIT_CONVERSION = YES;
				GCC_WARN_ABOUT_RETURN_TYPE = YES_ERROR;
				GCC_WARN_UNDECLARED_SELECTOR = YES;
				GCC_WARN_UNINITIALIZED_AUTOS = YES_AGGRESSIVE;
				GCC_WARN_UNUSED_FUNCTION = YES;
				GCC_WARN_UNUSED_VARIABLE = YES;
				LOCALIZATION_PREFERS_STRING_CATALOGS = YES;
				MACOSX_DEPLOYMENT_TARGET = 26.0;
				MTL_ENABLE_DEBUG_INFO = NO;
				MTL_FAST_MATH = YES;
				SDKROOT = macosx;
				STRING_CATALOG_GENERATE_SYMBOLS = YES;
				SWIFT_COMPILATION_MODE = wholemodule;
				SWIFT_EMIT_LOC_STRINGS = YES;
			};
			name = Release;
		};
		8DDA96152E7AA2E00015D242 /* Debug */ = {
			isa = XCBuildConfiguration;
			buildSettings = {
				ASSETCATALOG_COMPILER_APPICON_NAME = AppIcon;
				ASSETCATALOG_COMPILER_GLOBAL_ACCENT_COLOR_NAME = AccentColor;
				ASSETCATALOG_COMPILER_INCLUDE_ALL_APPICON_ASSETS = YES;
				AUTOMATION_APPLE_EVENTS = NO;
				CODE_SIGN_ENTITLEMENTS = SchoolTool/SchoolTool.entitlements;
				CODE_SIGN_STYLE = Automatic;
				COMBINE_HIDPI_IMAGES = YES;
				CURRENT_PROJECT_VERSION = 3;
				DEAD_CODE_STRIPPING = YES;
				DEVELOPMENT_TEAM = U97UH74W24;
				ENABLE_APP_SANDBOX = YES;
				ENABLE_HARDENED_RUNTIME = NO;
				ENABLE_INCOMING_NETWORK_CONNECTIONS = YES;
				ENABLE_OUTGOING_NETWORK_CONNECTIONS = YES;
				ENABLE_PREVIEWS = YES;
				ENABLE_RESOURCE_ACCESS_AUDIO_INPUT = NO;
				ENABLE_RESOURCE_ACCESS_BLUETOOTH = NO;
				ENABLE_RESOURCE_ACCESS_CALENDARS = NO;
				ENABLE_RESOURCE_ACCESS_CAMERA = NO;
				ENABLE_RESOURCE_ACCESS_CONTACTS = NO;
				ENABLE_RESOURCE_ACCESS_LOCATION = NO;
				ENABLE_RESOURCE_ACCESS_PHOTO_LIBRARY = NO;
				ENABLE_RESOURCE_ACCESS_PRINTING = NO;
				ENABLE_RESOURCE_ACCESS_USB = NO;
				GENERATE_INFOPLIST_FILE = YES;
				INFOPLIST_FILE = SchoolTool/Info.plist;
				INFOPLIST_KEY_ITSAppUsesNonExemptEncryption = NO;
				INFOPLIST_KEY_LSApplicationCategoryType = "public.app-category.education";
				INFOPLIST_KEY_NSHumanReadableCopyright = "";
				INFOPLIST_KEY_NSPhotoLibraryAddUsageDescription = "Save Extracted Pages to Photos";
				INFOPLIST_KEY_UILaunchStoryboardName = LaunchScreen;
				INFOPLIST_KEY_UIStatusBarHidden = YES;
				INFOPLIST_KEY_UIStatusBarStyle = "";
				INFOPLIST_KEY_UISupportedInterfaceOrientations = "UIInterfaceOrientationLandscapeLeft UIInterfaceOrientationLandscapeRight UIInterfaceOrientationPortrait UIInterfaceOrientationPortraitUpsideDown";
				IPHONEOS_DEPLOYMENT_TARGET = 18;
				LD_RUNPATH_SEARCH_PATHS = (
					"$(inherited)",
					"@executable_path/../Frameworks",
				);
				MACOSX_DEPLOYMENT_TARGET = 15;
				MARKETING_VERSION = 1.0.1;
				PRODUCT_BUNDLE_IDENTIFIER = com.timi2506.SchoolTool2;
				PRODUCT_NAME = "$(TARGET_NAME)";
				REGISTER_APP_GROUPS = YES;
				RUNTIME_EXCEPTION_ALLOW_DYLD_ENVIRONMENT_VARIABLES = NO;
				RUNTIME_EXCEPTION_ALLOW_JIT = NO;
				RUNTIME_EXCEPTION_ALLOW_UNSIGNED_EXECUTABLE_MEMORY = NO;
				RUNTIME_EXCEPTION_DEBUGGING_TOOL = NO;
				RUNTIME_EXCEPTION_DISABLE_EXECUTABLE_PAGE_PROTECTION = NO;
				RUNTIME_EXCEPTION_DISABLE_LIBRARY_VALIDATION = NO;
				STRING_CATALOG_GENERATE_SYMBOLS = YES;
				SUPPORTED_PLATFORMS = "appletvos appletvsimulator iphoneos iphonesimulator macosx";
				SUPPORTS_MACCATALYST = NO;
				SWIFT_APPROACHABLE_CONCURRENCY = YES;
				SWIFT_DEFAULT_ACTOR_ISOLATION = MainActor;
				SWIFT_EMIT_LOC_STRINGS = YES;
				SWIFT_UPCOMING_FEATURE_MEMBER_IMPORT_VISIBILITY = YES;
				SWIFT_VERSION = 5.0;
				TARGETED_DEVICE_FAMILY = "1,2,3";
				TVOS_DEPLOYMENT_TARGET = 18;
			};
			name = Debug;
		};
		8DDA96162E7AA2E00015D242 /* Release */ = {
			isa = XCBuildConfiguration;
			buildSettings = {
				ASSETCATALOG_COMPILER_APPICON_NAME = AppIcon;
				ASSETCATALOG_COMPILER_GLOBAL_ACCENT_COLOR_NAME = AccentColor;
				ASSETCATALOG_COMPILER_INCLUDE_ALL_APPICON_ASSETS = YES;
				AUTOMATION_APPLE_EVENTS = NO;
				CODE_SIGN_ENTITLEMENTS = SchoolTool/SchoolTool.entitlements;
				CODE_SIGN_STYLE = Automatic;
				COMBINE_HIDPI_IMAGES = YES;
				CURRENT_PROJECT_VERSION = 3;
				DEAD_CODE_STRIPPING = YES;
				DEVELOPMENT_TEAM = U97UH74W24;
				ENABLE_APP_SANDBOX = YES;
				ENABLE_HARDENED_RUNTIME = NO;
				ENABLE_INCOMING_NETWORK_CONNECTIONS = YES;
				ENABLE_OUTGOING_NETWORK_CONNECTIONS = YES;
				ENABLE_PREVIEWS = YES;
				ENABLE_RESOURCE_ACCESS_AUDIO_INPUT = NO;
				ENABLE_RESOURCE_ACCESS_BLUETOOTH = NO;
				ENABLE_RESOURCE_ACCESS_CALENDARS = NO;
				ENABLE_RESOURCE_ACCESS_CAMERA = NO;
				ENABLE_RESOURCE_ACCESS_CONTACTS = NO;
				ENABLE_RESOURCE_ACCESS_LOCATION = NO;
				ENABLE_RESOURCE_ACCESS_PHOTO_LIBRARY = NO;
				ENABLE_RESOURCE_ACCESS_PRINTING = NO;
				ENABLE_RESOURCE_ACCESS_USB = NO;
				GENERATE_INFOPLIST_FILE = YES;
				INFOPLIST_FILE = SchoolTool/Info.plist;
				INFOPLIST_KEY_ITSAppUsesNonExemptEncryption = NO;
				INFOPLIST_KEY_LSApplicationCategoryType = "public.app-category.education";
				INFOPLIST_KEY_NSHumanReadableCopyright = "";
				INFOPLIST_KEY_NSPhotoLibraryAddUsageDescription = "Save Extracted Pages to Photos";
				INFOPLIST_KEY_UILaunchStoryboardName = LaunchScreen;
				INFOPLIST_KEY_UIStatusBarHidden = YES;
				INFOPLIST_KEY_UIStatusBarStyle = "";
				INFOPLIST_KEY_UISupportedInterfaceOrientations = "UIInterfaceOrientationLandscapeLeft UIInterfaceOrientationLandscapeRight UIInterfaceOrientationPortrait UIInterfaceOrientationPortraitUpsideDown";
				IPHONEOS_DEPLOYMENT_TARGET = 18;
				LD_RUNPATH_SEARCH_PATHS = (
					"$(inherited)",
					"@executable_path/../Frameworks",
				);
				MACOSX_DEPLOYMENT_TARGET = 15;
				MARKETING_VERSION = 1.0.1;
				PRODUCT_BUNDLE_IDENTIFIER = com.timi2506.SchoolTool2;
				PRODUCT_NAME = "$(TARGET_NAME)";
				REGISTER_APP_GROUPS = YES;
				RUNTIME_EXCEPTION_ALLOW_DYLD_ENVIRONMENT_VARIABLES = NO;
				RUNTIME_EXCEPTION_ALLOW_JIT = NO;
				RUNTIME_EXCEPTION_ALLOW_UNSIGNED_EXECUTABLE_MEMORY = NO;
				RUNTIME_EXCEPTION_DEBUGGING_TOOL = NO;
				RUNTIME_EXCEPTION_DISABLE_EXECUTABLE_PAGE_PROTECTION = NO;
				RUNTIME_EXCEPTION_DISABLE_LIBRARY_VALIDATION = NO;
				STRING_CATALOG_GENERATE_SYMBOLS = YES;
				SUPPORTED_PLATFORMS = "appletvos appletvsimulator iphoneos iphonesimulator macosx";
				SUPPORTS_MACCATALYST = NO;
				SWIFT_APPROACHABLE_CONCURRENCY = YES;
				SWIFT_DEFAULT_ACTOR_ISOLATION = MainActor;
				SWIFT_EMIT_LOC_STRINGS = YES;
				SWIFT_UPCOMING_FEATURE_MEMBER_IMPORT_VISIBILITY = YES;
				SWIFT_VERSION = 5.0;
				TARGETED_DEVICE_FAMILY = "1,2,3";
				TVOS_DEPLOYMENT_TARGET = 18;
			};
			name = Release;
		};
		8DF42F192E7EE74A00DB91D8 /* Debug */ = {
			isa = XCBuildConfiguration;
			buildSettings = {
				ASSETCATALOG_COMPILER_APPICON_NAME = AppIcon;
				ASSETCATALOG_COMPILER_GLOBAL_ACCENT_COLOR_NAME = AccentColor;
				ASSETCATALOG_COMPILER_INCLUDE_ALL_APPICON_ASSETS = YES;
				CODE_SIGN_ENTITLEMENTS = "SchoolTool Watch Watch App/SchoolTool Watch Watch App.entitlements";
				CODE_SIGN_STYLE = Automatic;
				CURRENT_PROJECT_VERSION = 1;
				DEVELOPMENT_TEAM = U97UH74W24;
				ENABLE_PREVIEWS = YES;
				GENERATE_INFOPLIST_FILE = YES;
				INFOPLIST_KEY_CFBundleDisplayName = SchoolTool;
				INFOPLIST_KEY_UISupportedInterfaceOrientations = "UIInterfaceOrientationPortrait UIInterfaceOrientationPortraitUpsideDown";
				INFOPLIST_KEY_WKCompanionAppBundleIdentifier = com.timi2506.SchoolTool2;
				LD_RUNPATH_SEARCH_PATHS = (
					"$(inherited)",
					"@executable_path/Frameworks",
				);
				MARKETING_VERSION = 1.0.1;
				PRODUCT_BUNDLE_IDENTIFIER = com.timi2506.SchoolTool2.watchkitapp;
				PRODUCT_NAME = "$(TARGET_NAME)";
				SDKROOT = watchos;
				SKIP_INSTALL = YES;
				STRING_CATALOG_GENERATE_SYMBOLS = YES;
				SWIFT_APPROACHABLE_CONCURRENCY = YES;
				SWIFT_DEFAULT_ACTOR_ISOLATION = MainActor;
				SWIFT_EMIT_LOC_STRINGS = YES;
				SWIFT_UPCOMING_FEATURE_MEMBER_IMPORT_VISIBILITY = YES;
				SWIFT_VERSION = 5.0;
				TARGETED_DEVICE_FAMILY = 4;
				WATCHOS_DEPLOYMENT_TARGET = 11;
			};
			name = Debug;
		};
		8DF42F1A2E7EE74A00DB91D8 /* Release */ = {
			isa = XCBuildConfiguration;
			buildSettings = {
				ASSETCATALOG_COMPILER_APPICON_NAME = AppIcon;
				ASSETCATALOG_COMPILER_GLOBAL_ACCENT_COLOR_NAME = AccentColor;
				ASSETCATALOG_COMPILER_INCLUDE_ALL_APPICON_ASSETS = YES;
				CODE_SIGN_ENTITLEMENTS = "SchoolTool Watch Watch App/SchoolTool Watch Watch App.entitlements";
				CODE_SIGN_STYLE = Automatic;
				CURRENT_PROJECT_VERSION = 1;
				DEVELOPMENT_TEAM = U97UH74W24;
				ENABLE_PREVIEWS = YES;
				GENERATE_INFOPLIST_FILE = YES;
				INFOPLIST_KEY_CFBundleDisplayName = SchoolTool;
				INFOPLIST_KEY_UISupportedInterfaceOrientations = "UIInterfaceOrientationPortrait UIInterfaceOrientationPortraitUpsideDown";
				INFOPLIST_KEY_WKCompanionAppBundleIdentifier = com.timi2506.SchoolTool2;
				LD_RUNPATH_SEARCH_PATHS = (
					"$(inherited)",
					"@executable_path/Frameworks",
				);
				MARKETING_VERSION = 1.0.1;
				PRODUCT_BUNDLE_IDENTIFIER = com.timi2506.SchoolTool2.watchkitapp;
				PRODUCT_NAME = "$(TARGET_NAME)";
				SDKROOT = watchos;
				SKIP_INSTALL = YES;
				STRING_CATALOG_GENERATE_SYMBOLS = YES;
				SWIFT_APPROACHABLE_CONCURRENCY = YES;
				SWIFT_DEFAULT_ACTOR_ISOLATION = MainActor;
				SWIFT_EMIT_LOC_STRINGS = YES;
				SWIFT_UPCOMING_FEATURE_MEMBER_IMPORT_VISIBILITY = YES;
				SWIFT_VERSION = 5.0;
				TARGETED_DEVICE_FAMILY = 4;
				VALIDATE_PRODUCT = YES;
				WATCHOS_DEPLOYMENT_TARGET = 11;
			};
			name = Release;
		};
/* End XCBuildConfiguration section */

/* Begin XCConfigurationList section */
		8D4927FC2E7F1EE100CFFCCA /* Build configuration list for PBXNativeTarget "TimeTable WidgetExtension" */ = {
			isa = XCConfigurationList;
			buildConfigurations = (
				8D4927FA2E7F1EE100CFFCCA /* Debug */,
				8D4927FB2E7F1EE100CFFCCA /* Release */,
			);
			defaultConfigurationIsVisible = 0;
			defaultConfigurationName = Release;
		};
		8D4928152E7F498000CFFCCA /* Build configuration list for PBXNativeTarget "TimeTable Widget WatchOSExtension" */ = {
			isa = XCConfigurationList;
			buildConfigurations = (
				8D4928162E7F498000CFFCCA /* Debug */,
				8D4928172E7F498000CFFCCA /* Release */,
			);
			defaultConfigurationIsVisible = 0;
			defaultConfigurationName = Release;
		};
		8DDA96042E7AA2DD0015D242 /* Build configuration list for PBXProject "SchoolTool" */ = {
			isa = XCConfigurationList;
			buildConfigurations = (
				8DDA96122E7AA2E00015D242 /* Debug */,
				8DDA96132E7AA2E00015D242 /* Release */,
			);
			defaultConfigurationIsVisible = 0;
			defaultConfigurationName = Release;
		};
		8DDA96142E7AA2E00015D242 /* Build configuration list for PBXNativeTarget "SchoolTool" */ = {
			isa = XCConfigurationList;
			buildConfigurations = (
				8DDA96152E7AA2E00015D242 /* Debug */,
				8DDA96162E7AA2E00015D242 /* Release */,
			);
			defaultConfigurationIsVisible = 0;
			defaultConfigurationName = Release;
		};
		8DF42F1B2E7EE74A00DB91D8 /* Build configuration list for PBXNativeTarget "SchoolTool Watch Watch App" */ = {
			isa = XCConfigurationList;
			buildConfigurations = (
				8DF42F192E7EE74A00DB91D8 /* Debug */,
				8DF42F1A2E7EE74A00DB91D8 /* Release */,
			);
			defaultConfigurationIsVisible = 0;
			defaultConfigurationName = Release;
		};
/* End XCConfigurationList section */

/* Begin XCRemoteSwiftPackageReference section */
		8D2CE20D2E7C42E9006962B4 /* XCRemoteSwiftPackageReference "Drops" */ = {
			isa = XCRemoteSwiftPackageReference;
			repositoryURL = "https://github.com/omaralbeik/Drops.git";
			requirement = {
				kind = upToNextMajorVersion;
				minimumVersion = 1.7.0;
			};
		};
		8DACA6072E7E89D100E68BED /* XCRemoteSwiftPackageReference "SymbolPicker" */ = {
			isa = XCRemoteSwiftPackageReference;
			repositoryURL = "https://github.com/xnth97/SymbolPicker.git";
			requirement = {
				kind = upToNextMajorVersion;
				minimumVersion = 1.6.2;
			};
		};
		8DB67B362F6090F900EC1123 /* XCRemoteSwiftPackageReference "FeedKit" */ = {
			isa = XCRemoteSwiftPackageReference;
			repositoryURL = "https://github.com/nmdias/FeedKit.git";
			requirement = {
				kind = upToNextMajorVersion;
				minimumVersion = 10.4.0;
			};
		};
/* End XCRemoteSwiftPackageReference section */

/* Begin XCSwiftPackageProductDependency section */
		8D2CE20E2E7C42E9006962B4 /* Drops */ = {
			isa = XCSwiftPackageProductDependency;
			package = 8D2CE20D2E7C42E9006962B4 /* XCRemoteSwiftPackageReference "Drops" */;
			productName = Drops;
		};
		8DACA6082E7E89D100E68BED /* SymbolPicker */ = {
			isa = XCSwiftPackageProductDependency;
			package = 8DACA6072E7E89D100E68BED /* XCRemoteSwiftPackageReference "SymbolPicker" */;
			productName = SymbolPicker;
		};
		8DB67B372F6090F900EC1123 /* FeedKit */ = {
			isa = XCSwiftPackageProductDependency;
			package = 8DB67B362F6090F900EC1123 /* XCRemoteSwiftPackageReference "FeedKit" */;
			productName = FeedKit;
		};
/* End XCSwiftPackageProductDependency section */
	};
	rootObject = 8DDA96012E7AA2DD0015D242 /* Project object */;
}
